
Microsoft Visual Studio Solution File, Format Version 12.00
# Visual Studio 15
VisualStudioVersion = 15.0.27130.0
MinimumVisualStudioVersion = 10.0.40219.1
Project("{FAE04EC0-301F-11D3-BF4B-00C04F79EFBC}") = "SisVentas", "SisVentas\SisVentas.csproj", "{A68B6951-AF75-4475-8AE6-871F13B54EC4}"
EndProject
Project("{FAE04EC0-301F-11D3-BF4B-00C04F79EFBC}") = "CapaDatos", "CapaDatos\CapaDatos.csproj", "{BE49D67B-B075-4C75-A0FD-8EFDC85EB48A}"
EndProject
Project("{FAE04EC0-301F-11D3-BF4B-00C04F79EFBC}") = "CapaNegocio", "CapaNegocio\CapaNegocio.csproj", "{C6D423D9-8672-4FA0-B1DB-08C3B8E2C381}"
EndProject
Project("{FAE04EC0-301F-11D3-BF4B-00C04F79EFBC}") = "CapaPresentacion", "CapaPresentacion\CapaPresentacion.csproj", "{4FFB2AAB-F455-4E67-9480-FC0D198C56B0}"
EndProject
Global
	GlobalSection(SolutionConfigurationPlatforms) = preSolution
		Debug|Any CPU = Debug|Any CPU
		Release|Any CPU = Release|Any CPU
	EndGlobalSection
	GlobalSection(ProjectConfigurationPlatforms) = postSolution
		{A68B6951-AF75-4475-8AE6-871F13B54EC4}.Debug|Any CPU.ActiveCfg = Debug|Any CPU
		{A68B6951-AF75-4475-8AE6-871F13B54EC4}.Debug|Any CPU.Build.0 = Debug|Any CPU
		{A68B6951-AF75-4475-8AE6-871F13B54EC4}.Release|Any CPU.ActiveCfg = Release|Any CPU
		{A68B6951-AF75-4475-8AE6-871F13B54EC4}.Release|Any CPU.Build.0 = Release|Any CPU
		{BE49D67B-B075-4C75-A0FD-8EFDC85EB48A}.Debug|Any CPU.ActiveCfg = Debug|Any CPU
		{BE49D67B-B075-4C75-A0FD-8EFDC85EB48A}.Debug|Any CPU.Build.0 = Debug|Any CPU
		{BE49D67B-B075-4C75-A0FD-8EFDC85EB48A}.Release|Any CPU.ActiveCfg = Release|Any CPU
		{BE49D67B-B075-4C75-A0FD-8EFDC85EB48A}.Release|Any CPU.Build.0 = Release|Any CPU
		{C6D423D9-8672-4FA0-B1DB-08C3B8E2C381}.Debug|Any CPU.ActiveCfg = Debug|Any CPU
		{C6D423D9-8672-4FA0-B1DB-08C3B8E2C381}.Debug|Any CPU.Build.0 = Debug|Any CPU
		{C6D423D9-8672-4FA0-B1DB-08C3B8E2C381}.Release|Any CPU.ActiveCfg = Release|Any CPU
		{C6D423D9-8672-4FA0-B1DB-08C3B8E2C381}.Release|Any CPU.Build.0 = Release|Any CPU
		{4FFB2AAB-F455-4E67-9480-FC0D198C56B0}.Debug|Any CPU.ActiveCfg = Debug|Any CPU
		{4FFB2AAB-F455-4E67-9480-FC0D198C56B0}.Debug|Any CPU.Build.0 = Debug|Any CPU
		{4FFB2AAB-F455-4E67-9480-FC0D198C56B0}.Release|Any CPU.ActiveCfg = Release|Any CPU
		{4FFB2AAB-F455-4E67-9480-FC0D198C56B0}.Release|Any CPU.Build.0 = Release|Any CPU
	EndGlobalSection
	GlobalSection(SolutionProperties) = preSolution
		HideSolutionNode = FALSE
	EndGlobalSection
	GlobalSection(ExtensibilityGlobals) = postSolution
		SolutionGuid = {F8980A9C-4B95-4526-A4A0-A0D9A968E14B}
	EndGlobalSection
EndGlobal
